<Solution>
  <Project Path="src\ZenMonitor.Core\ZenMonitor.Core.csproj" />
  <Project Path="src\ZenMonitor.Core.Linux\ZenMonitor.Core.Linux.csproj" />
  <Folder Name="/src/">
    <Project Path="src/ZenMonitor.Core.Windows/ZenMonitor.Core.Windows.csproj" />
  </Folder>
  <Project Path="src\ZenMonitor.Core.Hosting\ZenMonitor.Core.Hosting.csproj" />
  <Project Path="tests\ZenMonitor.Core.Tests\ZenMonitor.Core.Tests.csproj" />
</Solution>